
Microsoft Visual Studio Solution File, Format Version 12.00
Project("{FAE04EC0-301F-11D3-BF4B-00C04F79EFBC}") = "EnigmaMachine", "EnigmaMachine.csproj", "{E6193943-CC1A-463C-882C-755E72480163}"
EndProject
Global
	GlobalSection(SolutionConfigurationPlatforms) = preSolution
		Debug|Any CPU = Debug|Any CPU
		Release|Any CPU = Release|Any CPU
	EndGlobalSection
	GlobalSection(ProjectConfigurationPlatforms) = postSolution
		{E6193943-CC1A-463C-882C-755E72480163}.Debug|Any CPU.ActiveCfg = Debug|Any CPU
		{E6193943-CC1A-463C-882C-755E72480163}.Debug|Any CPU.Build.0 = Debug|Any CPU
		{E6193943-CC1A-463C-882C-755E72480163}.Release|Any CPU.ActiveCfg = Release|Any CPU
		{E6193943-CC1A-463C-882C-755E72480163}.Release|Any CPU.Build.0 = Release|Any CPU
	EndGlobalSection
EndGlobal
